
Microsoft Visual Studio Solution File, Format Version 12.00
# Visual Studio Version 17
VisualStudioVersion = 17.3.32901.215
MinimumVisualStudioVersion = 10.0.40219.1
Project("{FAE04EC0-301F-11D3-BF4B-00C04F79EFBC}") = "T-BookStore", "T-BookStore\T-BookStore.csproj", "{CBDA4B1F-66B0-4A3B-AA97-EDD70B420031}"
EndProject
Global
	GlobalSection(SolutionConfigurationPlatforms) = preSolution
		Debug|Any CPU = Debug|Any CPU
		Release|Any CPU = Release|Any CPU
	EndGlobalSection
	GlobalSection(ProjectConfigurationPlatforms) = postSolution
		{CBDA4B1F-66B0-4A3B-AA97-EDD70B420031}.Debug|Any CPU.ActiveCfg = Debug|Any CPU
		{CBDA4B1F-66B0-4A3B-AA97-EDD70B420031}.Debug|Any CPU.Build.0 = Debug|Any CPU
		{CBDA4B1F-66B0-4A3B-AA97-EDD70B420031}.Release|Any CPU.ActiveCfg = Release|Any CPU
		{CBDA4B1F-66B0-4A3B-AA97-EDD70B420031}.Release|Any CPU.Build.0 = Release|Any CPU
	EndGlobalSection
	GlobalSection(SolutionProperties) = preSolution
		HideSolutionNode = FALSE
	EndGlobalSection
	GlobalSection(ExtensibilityGlobals) = postSolution
		SolutionGuid = {B2E124BF-7AE9-4A02-AEED-0F40AED04B28}
	EndGlobalSection
EndGlobal
